// !$*UTF8*$!
{
	archiveVersion = 1;
	classes = {
	};
	objectVersion = 56;
	objects = {

/* Begin PBXBuildFile section */
		2F4DDE872D0A4D8B0030DA10 /* Assets.xcassets in Resources */ = {isa = PBXBuildFile; fileRef = 2F4DDE862D0A4D8B0030DA10 /* Assets.xcassets */; };
		2F4DDE7F2D0A4D8B0030DA10 /* KeyguardIosApp.swift in Sources */ = {isa = PBXBuildFile; fileRef = 2F4DDE7D2D0A4D8B0030DA10 /* KeyguardIosApp.swift */; };
		2F4DDE802D0A4D8B0030DA10 /* ComposeHostView.swift in Sources */ = {isa = PBXBuildFile; fileRef = 2F4DDE7E2D0A4D8B0030DA10 /* ComposeHostView.swift */; };
		2F4DDE832D0A4D8B0030DA10 /* SQLCipher in Frameworks */ = {isa = PBXBuildFile; productRef = 2F4DDE842D0A4D8B0030DA10 /* SQLCipher */; };
/* End PBXBuildFile section */

/* Begin PBXFileReference section */
		2F4DDE742D0A4D8B0030DA10 /* Keyguard.app */ = {isa = PBXFileReference; explicitFileType = wrapper.application; includeInIndex = 0; path = Keyguard.app; sourceTree = BUILT_PRODUCTS_DIR; };
		2F4DDE862D0A4D8B0030DA10 /* Assets.xcassets */ = {isa = PBXFileReference; lastKnownFileType = folder.assetcatalog; path = Assets.xcassets; sourceTree = "<group>"; };
		2F4DDE7D2D0A4D8B0030DA10 /* KeyguardIosApp.swift */ = {isa = PBXFileReference; lastKnownFileType = sourcecode.swift; path = KeyguardIosApp.swift; sourceTree = "<group>"; };
		2F4DDE7E2D0A4D8B0030DA10 /* ComposeHostView.swift */ = {isa = PBXFileReference; lastKnownFileType = sourcecode.swift; path = ComposeHostView.swift; sourceTree = "<group>"; };
		2F4DDE822D0A4D8B0030DA10 /* Info.plist */ = {isa = PBXFileReference; lastKnownFileType = text.plist.xml; path = Info.plist; sourceTree = "<group>"; };
/* End PBXFileReference section */

/* Begin PBXFrameworksBuildPhase section */
		2F4DDE712D0A4D8B0030DA10 /* Frameworks */ = {
			isa = PBXFrameworksBuildPhase;
			buildActionMask = 2147483647;
			files = (
				2F4DDE832D0A4D8B0030DA10 /* SQLCipher in Frameworks */,
			);
			runOnlyForDeploymentPostprocessing = 0;
		};
/* End PBXFrameworksBuildPhase section */

/* Begin PBXGroup section */
		2F4DDE6B2D0A4D8B0030DA10 = {
			isa = PBXGroup;
			children = (
				2F4DDE7C2D0A4D8B0030DA10 /* iosApp */,
				2F4DDE752D0A4D8B0030DA10 /* Products */,
			);
			sourceTree = "<group>";
		};
		2F4DDE752D0A4D8B0030DA10 /* Products */ = {
			isa = PBXGroup;
			children = (
				2F4DDE742D0A4D8B0030DA10 /* Keyguard.app */,
			);
			name = Products;
			sourceTree = "<group>";
		};
		2F4DDE7C2D0A4D8B0030DA10 /* iosApp */ = {
			isa = PBXGroup;
			children = (
				2F4DDE7D2D0A4D8B0030DA10 /* KeyguardIosApp.swift */,
				2F4DDE7E2D0A4D8B0030DA10 /* ComposeHostView.swift */,
				2F4DDE862D0A4D8B0030DA10 /* Assets.xcassets */,
				2F4DDE822D0A4D8B0030DA10 /* Info.plist */,
			);
			path = iosApp;
			sourceTree = "<group>";
		};
/* End PBXGroup section */

/* Begin PBXNativeTarget section */
		2F4DDE732D0A4D8B0030DA10 /* Keyguard */ = {
			isa = PBXNativeTarget;
			buildConfigurationList = 2F4DDE792D0A4D8B0030DA10 /* Build configuration list for PBXNativeTarget "Keyguard" */;
			buildPhases = (
				2F4DDE812D0A4D8B0030DA10 /* Build shared framework */,
				2F4DDE702D0A4D8B0030DA10 /* Sources */,
				2F4DDE712D0A4D8B0030DA10 /* Frameworks */,
				2F4DDE722D0A4D8B0030DA10 /* Resources */,
			);
			buildRules = (
			);
			dependencies = (
			);
			name = Keyguard;
			packageProductDependencies = (
				2F4DDE842D0A4D8B0030DA10 /* SQLCipher */,
			);
			productName = Keyguard;
			productReference = 2F4DDE742D0A4D8B0030DA10 /* Keyguard.app */;
			productType = "com.apple.product-type.application";
		};
/* End PBXNativeTarget section */

/* Begin PBXProject section */
		2F4DDE6C2D0A4D8B0030DA10 /* Project object */ = {
			isa = PBXProject;
			attributes = {
				BuildIndependentTargetsInParallel = 1;
				LastSwiftUpdateCheck = 1600;
				LastUpgradeCheck = 1600;
				TargetAttributes = {
					2F4DDE732D0A4D8B0030DA10 = {
						CreatedOnToolsVersion = 16.0;
					};
				};
			};
			buildConfigurationList = 2F4DDE6F2D0A4D8B0030DA10 /* Build configuration list for PBXProject "iosApp" */;
			compatibilityVersion = "Xcode 14.0";
			developmentRegion = en;
			hasScannedForEncodings = 0;
			knownRegions = (
				en,
				Base,
			);
			mainGroup = 2F4DDE6B2D0A4D8B0030DA10;
			packageReferences = (
				2F4DDE852D0A4D8B0030DA10 /* XCRemoteSwiftPackageReference "SQLCipher.swift" */,
			);
			productRefGroup = 2F4DDE752D0A4D8B0030DA10 /* Products */;
			projectDirPath = "";
			projectRoot = "";
			targets = (
				2F4DDE732D0A4D8B0030DA10 /* Keyguard */,
			);
		};
/* End PBXProject section */

/* Begin PBXResourcesBuildPhase section */
		2F4DDE722D0A4D8B0030DA10 /* Resources */ = {
			isa = PBXResourcesBuildPhase;
			buildActionMask = 2147483647;
			files = (
				2F4DDE872D0A4D8B0030DA10 /* Assets.xcassets in Resources */,
			);
			runOnlyForDeploymentPostprocessing = 0;
		};
/* End PBXResourcesBuildPhase section */

/* Begin PBXShellScriptBuildPhase section */
		2F4DDE812D0A4D8B0030DA10 /* Build shared framework */ = {
			isa = PBXShellScriptBuildPhase;
			alwaysOutOfDate = 1;
			buildActionMask = 2147483647;
			files = (
			);
			inputFileListPaths = (
			);
			inputPaths = (
			);
			name = "Build shared framework";
			outputFileListPaths = (
			);
			outputPaths = (
			);
			runOnlyForDeploymentPostprocessing = 0;
			shellPath = /bin/sh;
			shellScript = "cd \"$SRCROOT/..\"\n./gradlew :iosApp:embedAndSignAppleFrameworkForXcode\n";
		};
/* End PBXShellScriptBuildPhase section */

/* Begin PBXSourcesBuildPhase section */
		2F4DDE702D0A4D8B0030DA10 /* Sources */ = {
			isa = PBXSourcesBuildPhase;
			buildActionMask = 2147483647;
			files = (
				2F4DDE7F2D0A4D8B0030DA10 /* KeyguardIosApp.swift in Sources */,
				2F4DDE802D0A4D8B0030DA10 /* ComposeHostView.swift in Sources */,
			);
			runOnlyForDeploymentPostprocessing = 0;
		};
/* End PBXSourcesBuildPhase section */

/* Begin XCRemoteSwiftPackageReference section */
		2F4DDE852D0A4D8B0030DA10 /* XCRemoteSwiftPackageReference "SQLCipher.swift" */ = {
			isa = XCRemoteSwiftPackageReference;
			repositoryURL = "https://github.com/sqlcipher/SQLCipher.swift.git";
			requirement = {
				kind = upToNextMajorVersion;
				minimumVersion = 4.16.0;
			};
		};
/* End XCRemoteSwiftPackageReference section */

/* Begin XCSwiftPackageProductDependency section */
		2F4DDE842D0A4D8B0030DA10 /* SQLCipher */ = {
			isa = XCSwiftPackageProductDependency;
			package = 2F4DDE852D0A4D8B0030DA10 /* XCRemoteSwiftPackageReference "SQLCipher.swift" */;
			productName = SQLCipher;
		};
/* End XCSwiftPackageProductDependency section */

/* Begin XCBuildConfiguration section */
		2F4DDE772D0A4D8B0030DA10 /* Debug */ = {
			isa = XCBuildConfiguration;
			buildSettings = {
				ALWAYS_SEARCH_USER_PATHS = NO;
				CLANG_ANALYZER_NONNULL = YES;
				CLANG_ANALYZER_NUMBER_OBJECT_CONVERSION = YES_AGGRESSIVE;
				CLANG_CXX_LANGUAGE_STANDARD = "gnu++20";
				CLANG_ENABLE_MODULES = YES;
				CLANG_ENABLE_OBJC_ARC = YES;
				CLANG_ENABLE_OBJC_WEAK = YES;
				CLANG_WARN_BLOCK_CAPTURE_AUTORELEASING = YES;
				CLANG_WARN_BOOL_CONVERSION = YES;
				CLANG_WARN_COMMA = YES;
				CLANG_WARN_CONSTANT_CONVERSION = YES;
				CLANG_WARN_DEPRECATED_OBJC_IMPLEMENTATIONS = YES;
				CLANG_WARN_DIRECT_OBJC_ISA_USAGE = YES_ERROR;
				CLANG_WARN_DOCUMENTATION_COMMENTS = YES;
				CLANG_WARN_EMPTY_BODY = YES;
				CLANG_WARN_ENUM_CONVERSION = YES;
				CLANG_WARN_INFINITE_RECURSION = YES;
				CLANG_WARN_INT_CONVERSION = YES;
				CLANG_WARN_NON_LITERAL_NULL_CONVERSION = YES;
				CLANG_WARN_OBJC_IMPLICIT_RETAIN_SELF = YES;
				CLANG_WARN_OBJC_LITERAL_CONVERSION = YES;
				CLANG_WARN_OBJC_ROOT_CLASS = YES_ERROR;
				CLANG_WARN_QUOTED_INCLUDE_IN_FRAMEWORK_HEADER = YES;
				CLANG_WARN_RANGE_LOOP_ANALYSIS = YES;
				CLANG_WARN_STRICT_PROTOTYPES = YES;
				CLANG_WARN_SUSPICIOUS_MOVE = YES;
				CLANG_WARN_UNGUARDED_AVAILABILITY = YES_AGGRESSIVE;
				CLANG_WARN_UNREACHABLE_CODE = YES;
				CLANG_WARN__DUPLICATE_METHOD_MATCH = YES;
				COPY_PHASE_STRIP = NO;
				DEBUG_INFORMATION_FORMAT = dwarf;
				ENABLE_STRICT_OBJC_MSGSEND = YES;
				ENABLE_TESTABILITY = YES;
				ENABLE_USER_SCRIPT_SANDBOXING = NO;
				GCC_C_LANGUAGE_STANDARD = gnu17;
				GCC_DYNAMIC_NO_PIC = NO;
				GCC_NO_COMMON_BLOCKS = YES;
				GCC_OPTIMIZATION_LEVEL = 0;
				GCC_PREPROCESSOR_DEFINITIONS = (
					"DEBUG=1",
					"$(inherited)",
				);
				GCC_WARN_64_TO_32_BIT_CONVERSION = YES;
				GCC_WARN_ABOUT_RETURN_TYPE = YES_ERROR;
				GCC_WARN_UNDECLARED_SELECTOR = YES;
				GCC_WARN_UNINITIALIZED_AUTOS = YES_AGGRESSIVE;
				GCC_WARN_UNUSED_FUNCTION = YES;
				GCC_WARN_UNUSED_VARIABLE = YES;
				IPHONEOS_DEPLOYMENT_TARGET = 18.5;
				MTL_ENABLE_DEBUG_INFO = INCLUDE_SOURCE;
				MTL_FAST_MATH = YES;
				ONLY_ACTIVE_ARCH = YES;
				SDKROOT = iphoneos;
				SWIFT_ACTIVE_COMPILATION_CONDITIONS = DEBUG;
				SWIFT_OPTIMIZATION_LEVEL = "-Onone";
			};
			name = Debug;
		};
		2F4DDE782D0A4D8B0030DA10 /* Release */ = {
			isa = XCBuildConfiguration;
			buildSettings = {
				ALWAYS_SEARCH_USER_PATHS = NO;
				CLANG_ANALYZER_NONNULL = YES;
				CLANG_ANALYZER_NUMBER_OBJECT_CONVERSION = YES_AGGRESSIVE;
				CLANG_CXX_LANGUAGE_STANDARD = "gnu++20";
				CLANG_ENABLE_MODULES = YES;
				CLANG_ENABLE_OBJC_ARC = YES;
				CLANG_ENABLE_OBJC_WEAK = YES;
				CLANG_WARN_BLOCK_CAPTURE_AUTORELEASING = YES;
				CLANG_WARN_BOOL_CONVERSION = YES;
				CLANG_WARN_COMMA = YES;
				CLANG_WARN_CONSTANT_CONVERSION = YES;
				CLANG_WARN_DEPRECATED_OBJC_IMPLEMENTATIONS = YES;
				CLANG_WARN_DIRECT_OBJC_ISA_USAGE = YES_ERROR;
				CLANG_WARN_DOCUMENTATION_COMMENTS = YES;
				CLANG_WARN_EMPTY_BODY = YES;
				CLANG_WARN_ENUM_CONVERSION = YES;
				CLANG_WARN_INFINITE_RECURSION = YES;
				CLANG_WARN_INT_CONVERSION = YES;
				CLANG_WARN_NON_LITERAL_NULL_CONVERSION = YES;
				CLANG_WARN_OBJC_IMPLICIT_RETAIN_SELF = YES;
				CLANG_WARN_OBJC_LITERAL_CONVERSION = YES;
				CLANG_WARN_OBJC_ROOT_CLASS = YES_ERROR;
				CLANG_WARN_QUOTED_INCLUDE_IN_FRAMEWORK_HEADER = YES;
				CLANG_WARN_RANGE_LOOP_ANALYSIS = YES;
				CLANG_WARN_STRICT_PROTOTYPES = YES;
				CLANG_WARN_SUSPICIOUS_MOVE = YES;
				CLANG_WARN_UNGUARDED_AVAILABILITY = YES_AGGRESSIVE;
				CLANG_WARN_UNREACHABLE_CODE = YES;
				CLANG_WARN__DUPLICATE_METHOD_MATCH = YES;
				COPY_PHASE_STRIP = NO;
				DEBUG_INFORMATION_FORMAT = "dwarf-with-dsym";
				ENABLE_NS_ASSERTIONS = NO;
				ENABLE_STRICT_OBJC_MSGSEND = YES;
				ENABLE_USER_SCRIPT_SANDBOXING = NO;
				GCC_C_LANGUAGE_STANDARD = gnu17;
				GCC_NO_COMMON_BLOCKS = YES;
				GCC_WARN_64_TO_32_BIT_CONVERSION = YES;
				GCC_WARN_ABOUT_RETURN_TYPE = YES_ERROR;
				GCC_WARN_UNDECLARED_SELECTOR = YES;
				GCC_WARN_UNINITIALIZED_AUTOS = YES_AGGRESSIVE;
				GCC_WARN_UNUSED_FUNCTION = YES;
				GCC_WARN_UNUSED_VARIABLE = YES;
				IPHONEOS_DEPLOYMENT_TARGET = 18.5;
				MTL_ENABLE_DEBUG_INFO = NO;
				MTL_FAST_MATH = YES;
				SDKROOT = iphoneos;
				SWIFT_COMPILATION_MODE = wholemodule;
				VALIDATE_PRODUCT = YES;
			};
			name = Release;
		};
		2F4DDE7A2D0A4D8B0030DA10 /* Debug */ = {
			isa = XCBuildConfiguration;
			buildSettings = {
				ASSETCATALOG_COMPILER_APPICON_NAME = AppIcon;
				CODE_SIGN_STYLE = Automatic;
				CURRENT_PROJECT_VERSION = 1;
				DEVELOPMENT_TEAM = "";
				FRAMEWORK_SEARCH_PATHS = (
					"$(inherited)",
					"$(SRCROOT)/build/xcode-frameworks/$(CONFIGURATION)/$(SDK_NAME)",
				);
				GENERATE_INFOPLIST_FILE = NO;
				GCC_PREPROCESSOR_DEFINITIONS = (
					"$(inherited)",
					"SQLITE_HAS_CODEC=1",
				);
				INFOPLIST_FILE = iosApp/Info.plist;
				IPHONEOS_DEPLOYMENT_TARGET = 18.5;
				LD_RUNPATH_SEARCH_PATHS = (
					"$(inherited)",
					"@executable_path/Frameworks",
				);
				MARKETING_VERSION = 1.0;
				OTHER_LDFLAGS = (
					"$(inherited)",
					"-framework",
					KeyguardShared,
				);
				PRODUCT_BUNDLE_IDENTIFIER = com.artemchep.keyguard;
				PRODUCT_NAME = Keyguard;
				SUPPORTED_PLATFORMS = "iphoneos iphonesimulator";
				SUPPORTS_MACCATALYST = NO;
				SWIFT_EMIT_LOC_STRINGS = YES;
				SWIFT_VERSION = 5.0;
				TARGETED_DEVICE_FAMILY = "1,2";
			};
			name = Debug;
		};
		2F4DDE7B2D0A4D8B0030DA10 /* Release */ = {
			isa = XCBuildConfiguration;
			buildSettings = {
				ASSETCATALOG_COMPILER_APPICON_NAME = AppIcon;
				CODE_SIGN_STYLE = Automatic;
				CURRENT_PROJECT_VERSION = 1;
				DEVELOPMENT_TEAM = "";
				FRAMEWORK_SEARCH_PATHS = (
					"$(inherited)",
					"$(SRCROOT)/build/xcode-frameworks/$(CONFIGURATION)/$(SDK_NAME)",
				);
				GENERATE_INFOPLIST_FILE = NO;
				GCC_PREPROCESSOR_DEFINITIONS = (
					"$(inherited)",
					"SQLITE_HAS_CODEC=1",
				);
				INFOPLIST_FILE = iosApp/Info.plist;
				IPHONEOS_DEPLOYMENT_TARGET = 18.5;
				LD_RUNPATH_SEARCH_PATHS = (
					"$(inherited)",
					"@executable_path/Frameworks",
				);
				MARKETING_VERSION = 1.0;
				OTHER_LDFLAGS = (
					"$(inherited)",
					"-framework",
					KeyguardShared,
				);
				PRODUCT_BUNDLE_IDENTIFIER = com.artemchep.keyguard;
				PRODUCT_NAME = Keyguard;
				SUPPORTED_PLATFORMS = "iphoneos iphonesimulator";
				SUPPORTS_MACCATALYST = NO;
				SWIFT_EMIT_LOC_STRINGS = YES;
				SWIFT_VERSION = 5.0;
				TARGETED_DEVICE_FAMILY = "1,2";
			};
			name = Release;
		};
/* End XCBuildConfiguration section */

/* Begin XCConfigurationList section */
		2F4DDE6F2D0A4D8B0030DA10 /* Build configuration list for PBXProject "iosApp" */ = {
			isa = XCConfigurationList;
			buildConfigurations = (
				2F4DDE772D0A4D8B0030DA10 /* Debug */,
				2F4DDE782D0A4D8B0030DA10 /* Release */,
			);
			defaultConfigurationIsVisible = 0;
			defaultConfigurationName = Release;
		};
		2F4DDE792D0A4D8B0030DA10 /* Build configuration list for PBXNativeTarget "Keyguard" */ = {
			isa = XCConfigurationList;
			buildConfigurations = (
				2F4DDE7A2D0A4D8B0030DA10 /* Debug */,
				2F4DDE7B2D0A4D8B0030DA10 /* Release */,
			);
			defaultConfigurationIsVisible = 0;
			defaultConfigurationName = Release;
		};
/* End XCConfigurationList section */
	};
	rootObject = 2F4DDE6C2D0A4D8B0030DA10 /* Project object */;
}
